// !$*UTF8*$!
{
	archiveVersion = 1;
	classes = {
	};
	objectVersion = 56;
	objects = {

/* Begin PBXBuildFile section */
		ACD0EA68297D7A9200A3C0E1 /* Question.swift in Sources */ = {isa = PBXBuildFile; fileRef = ACD0EA67297D7A9200A3C0E1 /* Question.swift */; };
		ACD0EA6B297D7AD000A3C0E1 /* QuizLogic.swift in Sources */ = {isa = PBXBuildFile; fileRef = ACD0EA6A297D7AD000A3C0E1 /* QuizLogic.swift */; };
		ACDE0EB4297D6530003E71A9 /* AppDelegate.swift in Sources */ = {isa = PBXBuildFile; fileRef = ACDE0EB3297D6530003E71A9 /* AppDelegate.swift */; };
		ACDE0EB6297D6530003E71A9 /* SceneDelegate.swift in Sources */ = {isa = PBXBuildFile; fileRef = ACDE0EB5297D6530003E71A9 /* SceneDelegate.swift */; };
		ACDE0EB8297D6530003E71A9 /* ViewController.swift in Sources */ = {isa = PBXBuildFile; fileRef = ACDE0EB7297D6530003E71A9 /* ViewController.swift */; };
		ACDE0EBB297D6530003E71A9 /* Main.storyboard in Resources */ = {isa = PBXBuildFile; fileRef = ACDE0EB9297D6530003E71A9 /* Main.storyboard */; };
		ACDE0EBD297D6531003E71A9 /* Assets.xcassets in Resources */ = {isa = PBXBuildFile; fileRef = ACDE0EBC297D6531003E71A9 /* Assets.xcassets */; };
		ACDE0EC0297D6531003E71A9 /* LaunchScreen.storyboard in Resources */ = {isa = PBXBuildFile; fileRef = ACDE0EBE297D6531003E71A9 /* LaunchScreen.storyboard */; };
/* End PBXBuildFile section */

/* Begin PBXFileReference section */
		ACD0EA67297D7A9200A3C0E1 /* Question.swift */ = {isa = PBXFileReference; lastKnownFileType = sourcecode.swift; path = Question.swift; sourceTree = "<group>"; };
		ACD0EA6A297D7AD000A3C0E1 /* QuizLogic.swift */ = {isa = PBXFileReference; lastKnownFileType = sourcecode.swift; path = QuizLogic.swift; sourceTree = "<group>"; };
		ACDE0EB0297D6530003E71A9 /* CPSC5330_m5.app */ = {isa = PBXFileReference; explicitFileType = wrapper.application; includeInIndex = 0; path = CPSC5330_m5.app; sourceTree = BUILT_PRODUCTS_DIR; };
		ACDE0EB3297D6530003E71A9 /* AppDelegate.swift */ = {isa = PBXFileReference; lastKnownFileType = sourcecode.swift; path = AppDelegate.swift; sourceTree = "<group>"; };
		ACDE0EB5297D6530003E71A9 /* SceneDelegate.swift */ = {isa = PBXFileReference; lastKnownFileType = sourcecode.swift; path = SceneDelegate.swift; sourceTree = "<group>"; };
		ACDE0EB7297D6530003E71A9 /* ViewController.swift */ = {isa = PBXFileReference; lastKnownFileType = sourcecode.swift; path = ViewController.swift; sourceTree = "<group>"; };
		ACDE0EBA297D6530003E71A9 /* Base */ = {isa = PBXFileReference; lastKnownFileType = file.storyboard; name = Base; path = Base.lproj/Main.storyboard; sourceTree = "<group>"; };
		ACDE0EBC297D6531003E71A9 /* Assets.xcassets */ = {isa = PBXFileReference; lastKnownFileType = folder.assetcatalog; path = Assets.xcassets; sourceTree = "<group>"; };
		ACDE0EBF297D6531003E71A9 /* Base */ = {isa = PBXFileReference; lastKnownFileType = file.storyboard; name = Base; path = Base.lproj/LaunchScreen.storyboard; sourceTree = "<group>"; };
		ACDE0EC1297D6531003E71A9 /* Info.plist */ = {isa = PBXFileReference; lastKnownFileType = text.plist.xml; path = Info.plist; sourceTree = "<group>"; };
/* End PBXFileReference section */

/* Begin PBXFrameworksBuildPhase section */
		ACDE0EAD297D6530003E71A9 /* Frameworks */ = {
			isa = PBXFrameworksBuildPhase;
			buildActionMask = 2147483647;
			files = (
			);
			runOnlyForDeploymentPostprocessing = 0;
		};
/* End PBXFrameworksBuildPhase section */

/* Begin PBXGroup section */
		ACD0EA66297D7A7000A3C0E1 /* View */ = {
			isa = PBXGroup;
			children = (
				ACDE0EB7297D6530003E71A9 /* ViewController.swift */,
			);
			path = View;
			sourceTree = "<group>";
		};
		ACD0EA69297D7A9900A3C0E1 /* Model */ = {
			isa = PBXGroup;
			children = (
				ACD0EA67297D7A9200A3C0E1 /* Question.swift */,
				ACD0EA6A297D7AD000A3C0E1 /* QuizLogic.swift */,
			);
			path = Model;
			sourceTree = "<group>";
		};
		ACDE0EA7297D6530003E71A9 = {
			isa = PBXGroup;
			children = (
				ACDE0EB2297D6530003E71A9 /* CPSC5330_m5 */,
				ACDE0EB1297D6530003E71A9 /* Products */,
			);
			sourceTree = "<group>";
		};
		ACDE0EB1297D6530003E71A9 /* Products */ = {
			isa = PBXGroup;
			children = (
				ACDE0EB0297D6530003E71A9 /* CPSC5330_m5.app */,
			);
			name = Products;
			sourceTree = "<group>";
		};
		ACDE0EB2297D6530003E71A9 /* CPSC5330_m5 */ = {
			isa = PBXGroup;
			children = (
				ACDE0EB3297D6530003E71A9 /* AppDelegate.swift */,
				ACDE0EB5297D6530003E71A9 /* SceneDelegate.swift */,
				ACD0EA69297D7A9900A3C0E1 /* Model */,
				ACD0EA66297D7A7000A3C0E1 /* View */,
				ACDE0EB9297D6530003E71A9 /* Main.storyboard */,
				ACDE0EBC297D6531003E71A9 /* Assets.xcassets */,
				ACDE0EBE297D6531003E71A9 /* LaunchScreen.storyboard */,
				ACDE0EC1297D6531003E71A9 /* Info.plist */,
			);
			path = CPSC5330_m5;
			sourceTree = "<group>";
		};
/* End PBXGroup section */

/* Begin PBXNativeTarget section */
		ACDE0EAF297D6530003E71A9 /* CPSC5330_m5 */ = {
			isa = PBXNativeTarget;
			buildConfigurationList = ACDE0EC4297D6531003E71A9 /* Build configuration list for PBXNativeTarget "CPSC5330_m5" */;
			buildPhases = (
				ACDE0EAC297D6530003E71A9 /* Sources */,
				ACDE0EAD297D6530003E71A9 /* Frameworks */,
				ACDE0EAE297D6530003E71A9 /* Resources */,
			);
			buildRules = (
			);
			dependencies = (
			);
			name = CPSC5330_m5;
			productName = QuizApp_Completed;
			productReference = ACDE0EB0297D6530003E71A9 /* CPSC5330_m5.app */;
			productType = "com.apple.product-type.application";
		};
/* End PBXNativeTarget section */

/* Begin PBXProject section */
		ACDE0EA8297D6530003E71A9 /* Project object */ = {
			isa = PBXProject;
			attributes = {
				BuildIndependentTargetsInParallel = 1;
				LastSwiftUpdateCheck = 1420;
				LastUpgradeCheck = 1520;
				TargetAttributes = {
					ACDE0EAF297D6530003E71A9 = {
						CreatedOnToolsVersion = 14.2;
					};
				};
			};
			buildConfigurationList = ACDE0EAB297D6530003E71A9 /* Build configuration list for PBXProject "CPSC5330_m5" */;
			compatibilityVersion = "Xcode 14.0";
			developmentRegion = en;
			hasScannedForEncodings = 0;
			knownRegions = (
				en,
				Base,
			);
			mainGroup = ACDE0EA7297D6530003E71A9;
			productRefGroup = ACDE0EB1297D6530003E71A9 /* Products */;
			projectDirPath = "";
			projectRoot = "";
			targets = (
				ACDE0EAF297D6530003E71A9 /* CPSC5330_m5 */,
			);
		};
/* End PBXProject section */

/* Begin PBXResourcesBuildPhase section */
		ACDE0EAE297D6530003E71A9 /* Resources */ = {
			isa = PBXResourcesBuildPhase;
			buildActionMask = 2147483647;
			files = (
				ACDE0EC0297D6531003E71A9 /* LaunchScreen.storyboard in Resources */,
				ACDE0EBD297D6531003E71A9 /* Assets.xcassets in Resources */,
				ACDE0EBB297D6530003E71A9 /* Main.storyboard in Resources */,
			);
			runOnlyForDeploymentPostprocessing = 0;
		};
/* End PBXResourcesBuildPhase section */

/* Begin PBXSourcesBuildPhase section */
		ACDE0EAC297D6530003E71A9 /* Sources */ = {
			isa = PBXSourcesBuildPhase;
			buildActionMask = 2147483647;
			files = (
				ACDE0EB8297D6530003E71A9 /* ViewController.swift in Sources */,
				ACD0EA6B297D7AD000A3C0E1 /* QuizLogic.swift in Sources */,
				ACD0EA68297D7A9200A3C0E1 /* Question.swift in Sources */,
				ACDE0EB4297D6530003E71A9 /* AppDelegate.swift in Sources */,
				ACDE0EB6297D6530003E71A9 /* SceneDelegate.swift in Sources */,
			);
			runOnlyForDeploymentPostprocessing = 0;
		};
/* End PBXSourcesBuildPhase section */

/* Begin PBXVariantGroup section */
		ACDE0EB9297D6530003E71A9 /* Main.storyboard */ = {
			isa = PBXVariantGroup;
			children = (
				ACDE0EBA297D6530003E71A9 /* Base */,
			);
			name = Main.storyboard;
			sourceTree = "<group>";
		};
		ACDE0EBE297D6531003E71A9 /* LaunchScreen.storyboard */ = {
			isa = PBXVariantGroup;
			children = (
				ACDE0EBF297D6531003E71A9 /* Base */,
			);
			name = LaunchScreen.storyboard;
			sourceTree = "<group>";
		};
/* End PBXVariantGroup section */

/* Begin XCBuildConfiguration section */
		ACDE0EC2297D6531003E71A9 /* Debug */ = {
			isa = XCBuildConfiguration;
			buildSettings = {
				ALWAYS_SEARCH_USER_PATHS = NO;
				CLANG_ANALYZER_NONNULL = YES;
				CLANG_ANALYZER_NUMBER_OBJECT_CONVERSION = YES_AGGRESSIVE;
				CLANG_CXX_LANGUAGE_STANDARD = "gnu++20";
				CLANG_ENABLE_MODULES = YES;
				CLANG_ENABLE_OBJC_ARC = YES;
				CLANG_ENABLE_OBJC_WEAK = YES;
				CLANG_WARN_BLOCK_CAPTURE_AUTORELEASING = YES;
				CLANG_WARN_BOOL_CONVERSION = YES;
				CLANG_WARN_COMMA = YES;
				CLANG_WARN_CONSTANT_CONVERSION = YES;
				CLANG_WARN_DEPRECATED_OBJC_IMPLEMENTATIONS = YES;
				CLANG_WARN_DIRECT_OBJC_ISA_USAGE = YES_ERROR;
				CLANG_WARN_DOCUMENTATION_COMMENTS = YES;
				CLANG_WARN_EMPTY_BODY = YES;
				CLANG_WARN_ENUM_CONVERSION = YES;
				CLANG_WARN_INFINITE_RECURSION = YES;
				CLANG_WARN_INT_CONVERSION = YES;
				CLANG_WARN_NON_LITERAL_NULL_CONVERSION = YES;
				CLANG_WARN_OBJC_IMPLICIT_RETAIN_SELF = YES;
				CLANG_WARN_OBJC_LITERAL_CONVERSION = YES;
				CLANG_WARN_OBJC_ROOT_CLASS = YES_ERROR;
				CLANG_WARN_QUOTED_INCLUDE_IN_FRAMEWORK_HEADER = YES;
				CLANG_WARN_RANGE_LOOP_ANALYSIS = YES;
				CLANG_WARN_STRICT_PROTOTYPES = YES;
				CLANG_WARN_SUSPICIOUS_MOVE = YES;
				CLANG_WARN_UNGUARDED_AVAILABILITY = YES_AGGRESSIVE;
				CLANG_WARN_UNREACHABLE_CODE = YES;
				CLANG_WARN__DUPLICATE_METHOD_MATCH = YES;
				COPY_PHASE_STRIP = NO;
				DEBUG_INFORMATION_FORMAT = dwarf;
				ENABLE_STRICT_OBJC_MSGSEND = YES;
				ENABLE_TESTABILITY = YES;
				ENABLE_USER_SCRIPT_SANDBOXING = YES;
				GCC_C_LANGUAGE_STANDARD = gnu11;
				GCC_DYNAMIC_NO_PIC = NO;
				GCC_NO_COMMON_BLOCKS = YES;
				GCC_OPTIMIZATION_LEVEL = 0;
				GCC_PREPROCESSOR_DEFINITIONS = (
					"DEBUG=1",
					"$(inherited)",
				);
				GCC_WARN_64_TO_32_BIT_CONVERSION = YES;
				GCC_WARN_ABOUT_RETURN_TYPE = YES_ERROR;
				GCC_WARN_UNDECLARED_SELECTOR = YES;
				GCC_WARN_UNINITIALIZED_AUTOS = YES_AGGRESSIVE;
				GCC_WARN_UNUSED_FUNCTION = YES;
				GCC_WARN_UNUSED_VARIABLE = YES;
				INFOPLIST_FILE = CPSC5330_m5/info.plist;
				IPHONEOS_DEPLOYMENT_TARGET = 16.2;
				MTL_ENABLE_DEBUG_INFO = INCLUDE_SOURCE;
				MTL_FAST_MATH = YES;
				ONLY_ACTIVE_ARCH = YES;
				SDKROOT = iphoneos;
				SWIFT_ACTIVE_COMPILATION_CONDITIONS = DEBUG;
				SWIFT_OPTIMIZATION_LEVEL = "-Onone";
			};
			name = Debug;
		};
		ACDE0EC3297D6531003E71A9 /* Release */ = {
			isa = XCBuildConfiguration;
			buildSettings = {
				ALWAYS_SEARCH_USER_PATHS = NO;
				CLANG_ANALYZER_NONNULL = YES;
				CLANG_ANALYZER_NUMBER_OBJECT_CONVERSION = YES_AGGRESSIVE;
				CLANG_CXX_LANGUAGE_STANDARD = "gnu++20";
				CLANG_ENABLE_MODULES = YES;
				CLANG_ENABLE_OBJC_ARC = YES;
				CLANG_ENABLE_OBJC_WEAK = YES;
				CLANG_WARN_BLOCK_CAPTURE_AUTORELEASING = YES;
				CLANG_WARN_BOOL_CONVERSION = YES;
				CLANG_WARN_COMMA = YES;
				CLANG_WARN_CONSTANT_CONVERSION = YES;
				CLANG_WARN_DEPRECATED_OBJC_IMPLEMENTATIONS = YES;
				CLANG_WARN_DIRECT_OBJC_ISA_USAGE = YES_ERROR;
				CLANG_WARN_DOCUMENTATION_COMMENTS = YES;
				CLANG_WARN_EMPTY_BODY = YES;
				CLANG_WARN_ENUM_CONVERSION = YES;
				CLANG_WARN_INFINITE_RECURSION = YES;
				CLANG_WARN_INT_CONVERSION = YES;
				CLANG_WARN_NON_LITERAL_NULL_CONVERSION = YES;
				CLANG_WARN_OBJC_IMPLICIT_RETAIN_SELF = YES;
				CLANG_WARN_OBJC_LITERAL_CONVERSION = YES;
				CLANG_WARN_OBJC_ROOT_CLASS = YES_ERROR;
				CLANG_WARN_QUOTED_INCLUDE_IN_FRAMEWORK_HEADER = YES;
				CLANG_WARN_RANGE_LOOP_ANALYSIS = YES;
				CLANG_WARN_STRICT_PROTOTYPES = YES;
				CLANG_WARN_SUSPICIOUS_MOVE = YES;
				CLANG_WARN_UNGUARDED_AVAILABILITY = YES_AGGRESSIVE;
				CLANG_WARN_UNREACHABLE_CODE = YES;
				CLANG_WARN__DUPLICATE_METHOD_MATCH = YES;
				COPY_PHASE_STRIP = NO;
				DEBUG_INFORMATION_FORMAT = "dwarf-with-dsym";
				ENABLE_NS_ASSERTIONS = NO;
				ENABLE_STRICT_OBJC_MSGSEND = YES;
				ENABLE_USER_SCRIPT_SANDBOXING = YES;
				GCC_C_LANGUAGE_STANDARD = gnu11;
				GCC_NO_COMMON_BLOCKS = YES;
				GCC_WARN_64_TO_32_BIT_CONVERSION = YES;
				GCC_WARN_ABOUT_RETURN_TYPE = YES_ERROR;
				GCC_WARN_UNDECLARED_SELECTOR = YES;
				GCC_WARN_UNINITIALIZED_AUTOS = YES_AGGRESSIVE;
				GCC_WARN_UNUSED_FUNCTION = YES;
				GCC_WARN_UNUSED_VARIABLE = YES;
				INFOPLIST_FILE = CPSC5330_m5/info.plist;
				IPHONEOS_DEPLOYMENT_TARGET = 16.2;
				MTL_ENABLE_DEBUG_INFO = NO;
				MTL_FAST_MATH = YES;
				SDKROOT = iphoneos;
				SWIFT_COMPILATION_MODE = wholemodule;
				SWIFT_OPTIMIZATION_LEVEL = "-O";
				VALIDATE_PRODUCT = YES;
			};
			name = Release;
		};
		ACDE0EC5297D6531003E71A9 /* Debug */ = {
			isa = XCBuildConfiguration;
			buildSettings = {
				ASSETCATALOG_COMPILER_APPICON_NAME = AppIcon;
				ASSETCATALOG_COMPILER_GLOBAL_ACCENT_COLOR_NAME = AccentColor;
				CODE_SIGN_STYLE = Automatic;
				CURRENT_PROJECT_VERSION = 1;
				GENERATE_INFOPLIST_FILE = YES;
				INFOPLIST_FILE = CPSC5330_m5/info.plist;
				INFOPLIST_KEY_UIApplicationSupportsIndirectInputEvents = YES;
				INFOPLIST_KEY_UILaunchStoryboardName = LaunchScreen;
				INFOPLIST_KEY_UIMainStoryboardFile = Main;
				INFOPLIST_KEY_UISupportedInterfaceOrientations_iPad = "UIInterfaceOrientationPortrait UIInterfaceOrientationPortraitUpsideDown UIInterfaceOrientationLandscapeLeft UIInterfaceOrientationLandscapeRight";
				INFOPLIST_KEY_UISupportedInterfaceOrientations_iPhone = "UIInterfaceOrientationPortrait UIInterfaceOrientationLandscapeLeft UIInterfaceOrientationLandscapeRight";
				LD_RUNPATH_SEARCH_PATHS = (
					"$(inherited)",
					"@executable_path/Frameworks",
				);
				MARKETING_VERSION = 1;
				PRODUCT_BUNDLE_IDENTIFIER = edu.auburn.onlinecsse;
				PRODUCT_NAME = "$(TARGET_NAME)";
				SWIFT_EMIT_LOC_STRINGS = YES;
				SWIFT_VERSION = 5.0;
				TARGETED_DEVICE_FAMILY = "1,2";
			};
			name = Debug;
		};
		ACDE0EC6297D6531003E71A9 /* Release */ = {
			isa = XCBuildConfiguration;
			buildSettings = {
				ASSETCATALOG_COMPILER_APPICON_NAME = AppIcon;
				ASSETCATALOG_COMPILER_GLOBAL_ACCENT_COLOR_NAME = AccentColor;
				CODE_SIGN_STYLE = Automatic;
				CURRENT_PROJECT_VERSION = 1;
				GENERATE_INFOPLIST_FILE = YES;
				INFOPLIST_FILE = CPSC5330_m5/info.plist;
				INFOPLIST_KEY_UIApplicationSupportsIndirectInputEvents = YES;
				INFOPLIST_KEY_UILaunchStoryboardName = LaunchScreen;
				INFOPLIST_KEY_UIMainStoryboardFile = Main;
				INFOPLIST_KEY_UISupportedInterfaceOrientations_iPad = "UIInterfaceOrientationPortrait UIInterfaceOrientationPortraitUpsideDown UIInterfaceOrientationLandscapeLeft UIInterfaceOrientationLandscapeRight";
				INFOPLIST_KEY_UISupportedInterfaceOrientations_iPhone = "UIInterfaceOrientationPortrait UIInterfaceOrientationLandscapeLeft UIInterfaceOrientationLandscapeRight";
				LD_RUNPATH_SEARCH_PATHS = (
					"$(inherited)",
					"@executable_path/Frameworks",
				);
				MARKETING_VERSION = 1;
				PRODUCT_BUNDLE_IDENTIFIER = edu.auburn.onlinecsse;
				PRODUCT_NAME = "$(TARGET_NAME)";
				SWIFT_EMIT_LOC_STRINGS = YES;
				SWIFT_VERSION = 5.0;
				TARGETED_DEVICE_FAMILY = "1,2";
			};
			name = Release;
		};
/* End XCBuildConfiguration section */

/* Begin XCConfigurationList section */
		ACDE0EAB297D6530003E71A9 /* Build configuration list for PBXProject "CPSC5330_m5" */ = {
			isa = XCConfigurationList;
			buildConfigurations = (
				ACDE0EC2297D6531003E71A9 /* Debug */,
				ACDE0EC3297D6531003E71A9 /* Release */,
			);
			defaultConfigurationIsVisible = 0;
			defaultConfigurationName = Release;
		};
		ACDE0EC4297D6531003E71A9 /* Build configuration list for PBXNativeTarget "CPSC5330_m5" */ = {
			isa = XCConfigurationList;
			buildConfigurations = (
				ACDE0EC5297D6531003E71A9 /* Debug */,
				ACDE0EC6297D6531003E71A9 /* Release */,
			);
			defaultConfigurationIsVisible = 0;
			defaultConfigurationName = Release;
		};
/* End XCConfigurationList section */
	};
	rootObject = ACDE0EA8297D6530003E71A9 /* Project object */;
}
